
Microsoft Visual Studio Solution File, Format Version 12.00
# Visual Studio Version 17
VisualStudioVersion = 17.7.34009.444
MinimumVisualStudioVersion = 10.0.40219.1
Project("{8BC9CEB8-8B4A-11D0-8D11-00A0C91BC942}") = "PCola", "PCola\PCola.vcxproj", "{EB13C06A-72FA-446A-B2A3-D5C65E6289FD}"
EndProject
Global
	GlobalSection(SolutionConfigurationPlatforms) = preSolution
		Debug|x64 = Debug|x64
		Debug|x86 = Debug|x86
		Release|x64 = Release|x64
		Release|x86 = Release|x86
	EndGlobalSection
	GlobalSection(ProjectConfigurationPlatforms) = postSolution
		{EB13C06A-72FA-446A-B2A3-D5C65E6289FD}.Debug|x64.ActiveCfg = Debug|x64
		{EB13C06A-72FA-446A-B2A3-D5C65E6289FD}.Debug|x64.Build.0 = Debug|x64
		{EB13C06A-72FA-446A-B2A3-D5C65E6289FD}.Debug|x86.ActiveCfg = Debug|Win32
		{EB13C06A-72FA-446A-B2A3-D5C65E6289FD}.Debug|x86.Build.0 = Debug|Win32
		{EB13C06A-72FA-446A-B2A3-D5C65E6289FD}.Release|x64.ActiveCfg = Release|x64
		{EB13C06A-72FA-446A-B2A3-D5C65E6289FD}.Release|x64.Build.0 = Release|x64
		{EB13C06A-72FA-446A-B2A3-D5C65E6289FD}.Release|x86.ActiveCfg = Release|Win32
		{EB13C06A-72FA-446A-B2A3-D5C65E6289FD}.Release|x86.Build.0 = Release|Win32
	EndGlobalSection
	GlobalSection(SolutionProperties) = preSolution
		HideSolutionNode = FALSE
	EndGlobalSection
	GlobalSection(ExtensibilityGlobals) = postSolution
		SolutionGuid = {2F2CA3FD-C8A7-49B8-A27D-B20E7EAFAD45}
	EndGlobalSection
EndGlobal
